
Microsoft Visual Studio Solution File, Format Version 12.00
# Visual Studio 14
VisualStudioVersion = 14.0.25420.1
MinimumVisualStudioVersion = 10.0.40219.1
Project("{FAE04EC0-301F-11D3-BF4B-00C04F79EFBC}") = "Infrastructure.Initializer", "Infrastructure.Initializer\Infrastructure.Initializer\Infrastructure.Initializer.csproj", "{E12D7DEF-5349-44A5-A863-C335F3390A56}"
EndProject
Project("{FAE04EC0-301F-11D3-BF4B-00C04F79EFBC}") = "Infrastructure.Initializer.Tests", "Infrastructure.Initializer\Infrastructure.Initializer.Tests\Infrastructure.Initializer.Tests.csproj", "{2A67C243-BE29-4C29-90BF-EC7A13EF3E42}"
EndProject
Global
	GlobalSection(SolutionConfigurationPlatforms) = preSolution
		Debug|Any CPU = Debug|Any CPU
		Release|Any CPU = Release|Any CPU
	EndGlobalSection
	GlobalSection(ProjectConfigurationPlatforms) = postSolution
		{E12D7DEF-5349-44A5-A863-C335F3390A56}.Debug|Any CPU.ActiveCfg = Debug|Any CPU
		{E12D7DEF-5349-44A5-A863-C335F3390A56}.Debug|Any CPU.Build.0 = Debug|Any CPU
		{E12D7DEF-5349-44A5-A863-C335F3390A56}.Release|Any CPU.ActiveCfg = Release|Any CPU
		{E12D7DEF-5349-44A5-A863-C335F3390A56}.Release|Any CPU.Build.0 = Release|Any CPU
		{2A67C243-BE29-4C29-90BF-EC7A13EF3E42}.Debug|Any CPU.ActiveCfg = Debug|Any CPU
		{2A67C243-BE29-4C29-90BF-EC7A13EF3E42}.Debug|Any CPU.Build.0 = Debug|Any CPU
		{2A67C243-BE29-4C29-90BF-EC7A13EF3E42}.Release|Any CPU.ActiveCfg = Release|Any CPU
		{2A67C243-BE29-4C29-90BF-EC7A13EF3E42}.Release|Any CPU.Build.0 = Release|Any CPU
	EndGlobalSection
	GlobalSection(SolutionProperties) = preSolution
		HideSolutionNode = FALSE
	EndGlobalSection
	GlobalSection(ExtensibilityGlobals) = postSolution
		SolutionGuid = {0D5DE9A4-D95C-4A1B-8CA0-6A0F4186D066}
	EndGlobalSection
EndGlobal
