
Microsoft Visual Studio Solution File, Format Version 12.00
# Visual Studio 14
VisualStudioVersion = 14.0.25420.1
MinimumVisualStudioVersion = 10.0.40219.1
Project("{FAE04EC0-301F-11D3-BF4B-00C04F79EFBC}") = "Infrastructure", "Infrastructure\Infrastructure\Infrastructure.csproj", "{CEB3197F-BC25-4157-A066-B5A651870976}"
EndProject
Project("{FAE04EC0-301F-11D3-BF4B-00C04F79EFBC}") = "Infrastructure.Tests", "Infrastructure\Infrastructure.Tests\Infrastructure.Tests.csproj", "{C751D6D0-37AA-44F7-8AD8-E6E0008163A7}"
EndProject
Global
	GlobalSection(SolutionConfigurationPlatforms) = preSolution
		Debug|Any CPU = Debug|Any CPU
		Release|Any CPU = Release|Any CPU
	EndGlobalSection
	GlobalSection(ProjectConfigurationPlatforms) = postSolution
		{CEB3197F-BC25-4157-A066-B5A651870976}.Debug|Any CPU.ActiveCfg = Debug|Any CPU
		{CEB3197F-BC25-4157-A066-B5A651870976}.Debug|Any CPU.Build.0 = Debug|Any CPU
		{CEB3197F-BC25-4157-A066-B5A651870976}.Release|Any CPU.ActiveCfg = Release|Any CPU
		{CEB3197F-BC25-4157-A066-B5A651870976}.Release|Any CPU.Build.0 = Release|Any CPU
		{C751D6D0-37AA-44F7-8AD8-E6E0008163A7}.Debug|Any CPU.ActiveCfg = Debug|Any CPU
		{C751D6D0-37AA-44F7-8AD8-E6E0008163A7}.Debug|Any CPU.Build.0 = Debug|Any CPU
		{C751D6D0-37AA-44F7-8AD8-E6E0008163A7}.Release|Any CPU.ActiveCfg = Release|Any CPU
		{C751D6D0-37AA-44F7-8AD8-E6E0008163A7}.Release|Any CPU.Build.0 = Release|Any CPU
	EndGlobalSection
	GlobalSection(SolutionProperties) = preSolution
		HideSolutionNode = FALSE
	EndGlobalSection
	GlobalSection(ExtensibilityGlobals) = postSolution
		SolutionGuid = {2FF7BF46-4F7E-4DF8-9A25-AABF0901BB5B}
	EndGlobalSection
EndGlobal
